<?xml version="1.0" encoding="utf-8"?>
<Project ToolsVersion="4.0" xmlns="http://schemas.microsoft.com/developer/msbuild/2003">
  <ItemGroup>
    <Filter Include="Quellcodedateien">
      <UniqueIdentifier>{ef1ffd33-38ee-45d7-9c78-36325a3a9e28}</UniqueIdentifier>
      <Extensions>cpp;c;cxx;rc;def;r;odl;idl;hpj;bat</Extensions>
    </Filter>
    <Filter Include="Header-Dateien">
      <UniqueIdentifier>{849a645c-a4e0-46ee-948e-ef86f50e0c93}</UniqueIdentifier>
      <Extensions>h;hpp;hxx;hm;inl</Extensions>
    </Filter>
    <Filter Include="Ressourcendateien">
      <UniqueIdentifier>{d1b16621-4999-4ec8-94a1-3a443610a0b6}</UniqueIdentifier>
      <Extensions>ico;cur;bmp;dlg;rc2;rct;bin;rgs;gif;jpg;jpeg;jpe</Extensions>
    </Filter>
  </ItemGroup>
  <ItemGroup>
    <ClCompile Include="bitboard.c">
      <Filter>Quellcodedateien</Filter>
    </ClCompile>
    <ClCompile Include="bmp.c">
      <Filter>Quellcodedateien</Filter>
    </ClCompile>
    <ClCompile Include="CB_movegen.c">
      <Filter>Quellcodedateien</Filter>
    </ClCompile>
    <ClCompile Include="CheckerBoard.c">
      <Filter>Quellcodedateien</Filter>
    </ClCompile>
    <ClCompile Include="coordinates.c">
      <Filter>Quellcodedateien</Filter>
    </ClCompile>
    <ClCompile Include="crc.c">
      <Filter>Quellcodedateien</Filter>
    </ClCompile>
    <ClCompile Include="dialogs.c">
      <Filter>Quellcodedateien</Filter>
    </ClCompile>
    <ClCompile Include="graphics.c">
      <Filter>Quellcodedateien</Filter>
    </ClCompile>
    <ClCompile Include="min_movegen.c">
      <Filter>Quellcodedateien</Filter>
    </ClCompile>
    <ClCompile Include="PDNfind.c">
      <Filter>Quellcodedateien</Filter>
    </ClCompile>
    <ClCompile Include="PDNparser.c">
      <Filter>Quellcodedateien</Filter>
    </ClCompile>
    <ClCompile Include="registry.c">
      <Filter>Quellcodedateien</Filter>
    </ClCompile>
    <ClCompile Include="saveashtml.c">
      <Filter>Quellcodedateien</Filter>
    </ClCompile>
    <ClCompile Include="utility.c">
      <Filter>Quellcodedateien</Filter>
    </ClCompile>
    <ClCompile Include="app_instance.cpp">
      <Filter>Quellcodedateien</Filter>
    </ClCompile>
  </ItemGroup>
  <ItemGroup>
    <Text Include="versionhistory.txt">
      <Filter>Quellcodedateien</Filter>
    </Text>
  </ItemGroup>
  <ItemGroup>
    <ClInclude Include="bitboard.h">
      <Filter>Header-Dateien</Filter>
    </ClInclude>
    <ClInclude Include="bmp.h">
      <Filter>Header-Dateien</Filter>
    </ClInclude>
    <ClInclude Include="CBconsts.h">
      <Filter>Header-Dateien</Filter>
    </ClInclude>
    <ClInclude Include="CBstructs.h">
      <Filter>Header-Dateien</Filter>
    </ClInclude>
    <ClInclude Include="CheckerBoard.h">
      <Filter>Header-Dateien</Filter>
    </ClInclude>
    <ClInclude Include="coordinates.h">
      <Filter>Header-Dateien</Filter>
    </ClInclude>
    <ClInclude Include="crc.h">
      <Filter>Header-Dateien</Filter>
    </ClInclude>
    <ClInclude Include="dialogs.h">
      <Filter>Header-Dateien</Filter>
    </ClInclude>
    <ClInclude Include="graphics.h">
      <Filter>Header-Dateien</Filter>
    </ClInclude>
    <ClInclude Include="min_movegen.h">
      <Filter>Header-Dateien</Filter>
    </ClInclude>
    <ClInclude Include="pdnfind.h">
      <Filter>Header-Dateien</Filter>
    </ClInclude>
    <ClInclude Include="PDNparser.h">
      <Filter>Header-Dateien</Filter>
    </ClInclude>
    <ClInclude Include="registry.h">
      <Filter>Header-Dateien</Filter>
    </ClInclude>
    <ClInclude Include="resource.h">
      <Filter>Header-Dateien</Filter>
    </ClInclude>
    <ClInclude Include="saveashtml.h">
      <Filter>Header-Dateien</Filter>
    </ClInclude>
    <ClInclude Include="standardheader.h">
      <Filter>Header-Dateien</Filter>
    </ClInclude>
    <ClInclude Include="utility.h">
      <Filter>Header-Dateien</Filter>
    </ClInclude>
    <ClInclude Include="app_instance.h">
      <Filter>Header-Dateien</Filter>
    </ClInclude>
  </ItemGroup>
  <ItemGroup>
    <Image Include="Bitmap_1.bmp">
      <Filter>Ressourcendateien</Filter>
    </Image>
    <Image Include="Bitmap_2.bmp">
      <Filter>Ressourcendateien</Filter>
    </Image>
    <Image Include="Bitmap_3.bmp">
      <Filter>Ressourcendateien</Filter>
    </Image>
    <Image Include="Bitmap_4.bmp">
      <Filter>Ressourcendateien</Filter>
    </Image>
    <Image Include="Bitmap_5.bmp">
      <Filter>Ressourcendateien</Filter>
    </Image>
    <Image Include="Icon_1.ico">
      <Filter>Ressourcendateien</Filter>
    </Image>
  </ItemGroup>
  <ItemGroup>
    <ResourceCompile Include="checkerboard.rc">
      <Filter>Ressourcendateien</Filter>
    </ResourceCompile>
  </ItemGroup>
</Project>